// !$*UTF8*$!
{
	archiveVersion = 1;
	classes = {
	};
	objectVersion = 56;
	objects = {

/* Begin PBXBuildFile section */
		48D8E5FF29C8702B00B5FA41 /* AppDelegate.swift in Sources */ = {isa = PBXBuildFile; fileRef = 48D8E5FE29C8702B00B5FA41 /* AppDelegate.swift */; };
		48D8E60129C8702B00B5FA41 /* SceneDelegate.swift in Sources */ = {isa = PBXBuildFile; fileRef = 48D8E60029C8702B00B5FA41 /* SceneDelegate.swift */; };
		48D8E60329C8702B00B5FA41 /* HomeViewController.swift in Sources */ = {isa = PBXBuildFile; fileRef = 48D8E60229C8702B00B5FA41 /* HomeViewController.swift */; };
		48D8E60829C8702C00B5FA41 /* Assets.xcassets in Resources */ = {isa = PBXBuildFile; fileRef = 48D8E60729C8702C00B5FA41 /* Assets.xcassets */; };
		48D8E60B29C8702C00B5FA41 /* LaunchScreen.storyboard in Resources */ = {isa = PBXBuildFile; fileRef = 48D8E60929C8702C00B5FA41 /* LaunchScreen.storyboard */; };
		48D8E61929C8AD5200B5FA41 /* TabBarViewController.swift in Sources */ = {isa = PBXBuildFile; fileRef = 48D8E61829C8AD5200B5FA41 /* TabBarViewController.swift */; };
		48D8E61B29C8AD7500B5FA41 /* SearchViewController.swift in Sources */ = {isa = PBXBuildFile; fileRef = 48D8E61A29C8AD7500B5FA41 /* SearchViewController.swift */; };
		48D8E61D29C8AD8100B5FA41 /* LibraryViewController.swift in Sources */ = {isa = PBXBuildFile; fileRef = 48D8E61C29C8AD8100B5FA41 /* LibraryViewController.swift */; };
		48D8E62129C8ADB800B5FA41 /* AuthViewController.swift in Sources */ = {isa = PBXBuildFile; fileRef = 48D8E62029C8ADB800B5FA41 /* AuthViewController.swift */; };
		48D8E62329C8ADC300B5FA41 /* WelcomeViewController.swift in Sources */ = {isa = PBXBuildFile; fileRef = 48D8E62229C8ADC300B5FA41 /* WelcomeViewController.swift */; };
		48D8E62529C8ADD000B5FA41 /* SettingsViewController.swift in Sources */ = {isa = PBXBuildFile; fileRef = 48D8E62429C8ADD000B5FA41 /* SettingsViewController.swift */; };
		48D8E62729C8ADD800B5FA41 /* ProfileViewController.swift in Sources */ = {isa = PBXBuildFile; fileRef = 48D8E62629C8ADD800B5FA41 /* ProfileViewController.swift */; };
		48D8E62929C8ADE100B5FA41 /* PlayerViewController.swift in Sources */ = {isa = PBXBuildFile; fileRef = 48D8E62829C8ADE100B5FA41 /* PlayerViewController.swift */; };
		48D8E62B29C8ADEB00B5FA41 /* PlaylistViewController.swift in Sources */ = {isa = PBXBuildFile; fileRef = 48D8E62A29C8ADEB00B5FA41 /* PlaylistViewController.swift */; };
		48D8E62D29C8AE0400B5FA41 /* SearchResultsViewController.swift in Sources */ = {isa = PBXBuildFile; fileRef = 48D8E62C29C8AE0400B5FA41 /* SearchResultsViewController.swift */; };
		48D8E62F29C8AE1600B5FA41 /* AuthManager.swift in Sources */ = {isa = PBXBuildFile; fileRef = 48D8E62E29C8AE1600B5FA41 /* AuthManager.swift */; };
		48D8E63129C8AE2000B5FA41 /* ApiCaller.swift in Sources */ = {isa = PBXBuildFile; fileRef = 48D8E63029C8AE2000B5FA41 /* ApiCaller.swift */; };
		48D8E63329C8AE2E00B5FA41 /* HapticsManager.swift in Sources */ = {isa = PBXBuildFile; fileRef = 48D8E63229C8AE2E00B5FA41 /* HapticsManager.swift */; };
		48D8E63529C8AE3D00B5FA41 /* Playlist.swift in Sources */ = {isa = PBXBuildFile; fileRef = 48D8E63429C8AE3D00B5FA41 /* Playlist.swift */; };
		48D8E63729C8AE4800B5FA41 /* AudioTrack.swift in Sources */ = {isa = PBXBuildFile; fileRef = 48D8E63629C8AE4800B5FA41 /* AudioTrack.swift */; };
		48D8E63929C8AE5400B5FA41 /* Artist.swift in Sources */ = {isa = PBXBuildFile; fileRef = 48D8E63829C8AE5400B5FA41 /* Artist.swift */; };
		48D8E63B29C8AE5C00B5FA41 /* UserProfile.swift in Sources */ = {isa = PBXBuildFile; fileRef = 48D8E63A29C8AE5C00B5FA41 /* UserProfile.swift */; };
/* End PBXBuildFile section */

/* Begin PBXFileReference section */
		48D8E5FB29C8702B00B5FA41 /* Spotify.app */ = {isa = PBXFileReference; explicitFileType = wrapper.application; includeInIndex = 0; path = Spotify.app; sourceTree = BUILT_PRODUCTS_DIR; };
		48D8E5FE29C8702B00B5FA41 /* AppDelegate.swift */ = {isa = PBXFileReference; lastKnownFileType = sourcecode.swift; path = AppDelegate.swift; sourceTree = "<group>"; };
		48D8E60029C8702B00B5FA41 /* SceneDelegate.swift */ = {isa = PBXFileReference; lastKnownFileType = sourcecode.swift; path = SceneDelegate.swift; sourceTree = "<group>"; };
		48D8E60229C8702B00B5FA41 /* HomeViewController.swift */ = {isa = PBXFileReference; lastKnownFileType = sourcecode.swift; path = HomeViewController.swift; sourceTree = "<group>"; };
		48D8E60729C8702C00B5FA41 /* Assets.xcassets */ = {isa = PBXFileReference; lastKnownFileType = folder.assetcatalog; path = Assets.xcassets; sourceTree = "<group>"; };
		48D8E60A29C8702C00B5FA41 /* Base */ = {isa = PBXFileReference; lastKnownFileType = file.storyboard; name = Base; path = Base.lproj/LaunchScreen.storyboard; sourceTree = "<group>"; };
		48D8E60C29C8702C00B5FA41 /* Info.plist */ = {isa = PBXFileReference; lastKnownFileType = text.plist.xml; path = Info.plist; sourceTree = "<group>"; };
		48D8E61829C8AD5200B5FA41 /* TabBarViewController.swift */ = {isa = PBXFileReference; lastKnownFileType = sourcecode.swift; path = TabBarViewController.swift; sourceTree = "<group>"; };
		48D8E61A29C8AD7500B5FA41 /* SearchViewController.swift */ = {isa = PBXFileReference; lastKnownFileType = sourcecode.swift; path = SearchViewController.swift; sourceTree = "<group>"; };
		48D8E61C29C8AD8100B5FA41 /* LibraryViewController.swift */ = {isa = PBXFileReference; lastKnownFileType = sourcecode.swift; path = LibraryViewController.swift; sourceTree = "<group>"; };
		48D8E62029C8ADB800B5FA41 /* AuthViewController.swift */ = {isa = PBXFileReference; lastKnownFileType = sourcecode.swift; path = AuthViewController.swift; sourceTree = "<group>"; };
		48D8E62229C8ADC300B5FA41 /* WelcomeViewController.swift */ = {isa = PBXFileReference; lastKnownFileType = sourcecode.swift; path = WelcomeViewController.swift; sourceTree = "<group>"; };
		48D8E62429C8ADD000B5FA41 /* SettingsViewController.swift */ = {isa = PBXFileReference; lastKnownFileType = sourcecode.swift; path = SettingsViewController.swift; sourceTree = "<group>"; };
		48D8E62629C8ADD800B5FA41 /* ProfileViewController.swift */ = {isa = PBXFileReference; lastKnownFileType = sourcecode.swift; path = ProfileViewController.swift; sourceTree = "<group>"; };
		48D8E62829C8ADE100B5FA41 /* PlayerViewController.swift */ = {isa = PBXFileReference; lastKnownFileType = sourcecode.swift; path = PlayerViewController.swift; sourceTree = "<group>"; };
		48D8E62A29C8ADEB00B5FA41 /* PlaylistViewController.swift */ = {isa = PBXFileReference; lastKnownFileType = sourcecode.swift; path = PlaylistViewController.swift; sourceTree = "<group>"; };
		48D8E62C29C8AE0400B5FA41 /* SearchResultsViewController.swift */ = {isa = PBXFileReference; lastKnownFileType = sourcecode.swift; path = SearchResultsViewController.swift; sourceTree = "<group>"; };
		48D8E62E29C8AE1600B5FA41 /* AuthManager.swift */ = {isa = PBXFileReference; lastKnownFileType = sourcecode.swift; path = AuthManager.swift; sourceTree = "<group>"; };
		48D8E63029C8AE2000B5FA41 /* ApiCaller.swift */ = {isa = PBXFileReference; lastKnownFileType = sourcecode.swift; path = ApiCaller.swift; sourceTree = "<group>"; };
		48D8E63229C8AE2E00B5FA41 /* HapticsManager.swift */ = {isa = PBXFileReference; lastKnownFileType = sourcecode.swift; path = HapticsManager.swift; sourceTree = "<group>"; };
		48D8E63429C8AE3D00B5FA41 /* Playlist.swift */ = {isa = PBXFileReference; lastKnownFileType = sourcecode.swift; path = Playlist.swift; sourceTree = "<group>"; };
		48D8E63629C8AE4800B5FA41 /* AudioTrack.swift */ = {isa = PBXFileReference; lastKnownFileType = sourcecode.swift; path = AudioTrack.swift; sourceTree = "<group>"; };
		48D8E63829C8AE5400B5FA41 /* Artist.swift */ = {isa = PBXFileReference; lastKnownFileType = sourcecode.swift; path = Artist.swift; sourceTree = "<group>"; };
		48D8E63A29C8AE5C00B5FA41 /* UserProfile.swift */ = {isa = PBXFileReference; lastKnownFileType = sourcecode.swift; path = UserProfile.swift; sourceTree = "<group>"; };
/* End PBXFileReference section */

/* Begin PBXFrameworksBuildPhase section */
		48D8E5F829C8702B00B5FA41 /* Frameworks */ = {
			isa = PBXFrameworksBuildPhase;
			buildActionMask = 2147483647;
			files = (
			);
			runOnlyForDeploymentPostprocessing = 0;
		};
/* End PBXFrameworksBuildPhase section */

/* Begin PBXGroup section */
		48D8E5F229C8702B00B5FA41 = {
			isa = PBXGroup;
			children = (
				48D8E5FD29C8702B00B5FA41 /* Spotify */,
				48D8E5FC29C8702B00B5FA41 /* Products */,
			);
			sourceTree = "<group>";
		};
		48D8E5FC29C8702B00B5FA41 /* Products */ = {
			isa = PBXGroup;
			children = (
				48D8E5FB29C8702B00B5FA41 /* Spotify.app */,
			);
			name = Products;
			sourceTree = "<group>";
		};
		48D8E5FD29C8702B00B5FA41 /* Spotify */ = {
			isa = PBXGroup;
			children = (
				48D8E61729C8A78300B5FA41 /* Resources */,
				48D8E61629C8A77C00B5FA41 /* Managers */,
				48D8E61529C8A77200B5FA41 /* ViewModels */,
				48D8E61429C8A76900B5FA41 /* Models */,
				48D8E61329C8A76200B5FA41 /* Controllers */,
				48D8E61229C8A75A00B5FA41 /* Views */,
				48D8E60C29C8702C00B5FA41 /* Info.plist */,
			);
			path = Spotify;
			sourceTree = "<group>";
		};
		48D8E61229C8A75A00B5FA41 /* Views */ = {
			isa = PBXGroup;
			children = (
				48D8E60929C8702C00B5FA41 /* LaunchScreen.storyboard */,
			);
			path = Views;
			sourceTree = "<group>";
		};
		48D8E61329C8A76200B5FA41 /* Controllers */ = {
			isa = PBXGroup;
			children = (
				48D8E61F29C8ADAC00B5FA41 /* Other */,
				48D8E61E29C8AD8E00B5FA41 /* Core */,
			);
			path = Controllers;
			sourceTree = "<group>";
		};
		48D8E61429C8A76900B5FA41 /* Models */ = {
			isa = PBXGroup;
			children = (
				48D8E63429C8AE3D00B5FA41 /* Playlist.swift */,
				48D8E63629C8AE4800B5FA41 /* AudioTrack.swift */,
				48D8E63829C8AE5400B5FA41 /* Artist.swift */,
				48D8E63A29C8AE5C00B5FA41 /* UserProfile.swift */,
			);
			path = Models;
			sourceTree = "<group>";
		};
		48D8E61529C8A77200B5FA41 /* ViewModels */ = {
			isa = PBXGroup;
			children = (
			);
			path = ViewModels;
			sourceTree = "<group>";
		};
		48D8E61629C8A77C00B5FA41 /* Managers */ = {
			isa = PBXGroup;
			children = (
				48D8E62E29C8AE1600B5FA41 /* AuthManager.swift */,
				48D8E63029C8AE2000B5FA41 /* ApiCaller.swift */,
				48D8E63229C8AE2E00B5FA41 /* HapticsManager.swift */,
			);
			path = Managers;
			sourceTree = "<group>";
		};
		48D8E61729C8A78300B5FA41 /* Resources */ = {
			isa = PBXGroup;
			children = (
				48D8E5FE29C8702B00B5FA41 /* AppDelegate.swift */,
				48D8E60029C8702B00B5FA41 /* SceneDelegate.swift */,
				48D8E60729C8702C00B5FA41 /* Assets.xcassets */,
			);
			path = Resources;
			sourceTree = "<group>";
		};
		48D8E61E29C8AD8E00B5FA41 /* Core */ = {
			isa = PBXGroup;
			children = (
				48D8E60229C8702B00B5FA41 /* HomeViewController.swift */,
				48D8E61829C8AD5200B5FA41 /* TabBarViewController.swift */,
				48D8E61A29C8AD7500B5FA41 /* SearchViewController.swift */,
				48D8E61C29C8AD8100B5FA41 /* LibraryViewController.swift */,
			);
			name = Core;
			sourceTree = "<group>";
		};
		48D8E61F29C8ADAC00B5FA41 /* Other */ = {
			isa = PBXGroup;
			children = (
				48D8E62029C8ADB800B5FA41 /* AuthViewController.swift */,
				48D8E62229C8ADC300B5FA41 /* WelcomeViewController.swift */,
				48D8E62429C8ADD000B5FA41 /* SettingsViewController.swift */,
				48D8E62629C8ADD800B5FA41 /* ProfileViewController.swift */,
				48D8E62829C8ADE100B5FA41 /* PlayerViewController.swift */,
				48D8E62A29C8ADEB00B5FA41 /* PlaylistViewController.swift */,
				48D8E62C29C8AE0400B5FA41 /* SearchResultsViewController.swift */,
			);
			path = Other;
			sourceTree = "<group>";
		};
/* End PBXGroup section */

/* Begin PBXNativeTarget section */
		48D8E5FA29C8702B00B5FA41 /* Spotify */ = {
			isa = PBXNativeTarget;
			buildConfigurationList = 48D8E60F29C8702C00B5FA41 /* Build configuration list for PBXNativeTarget "Spotify" */;
			buildPhases = (
				48D8E5F729C8702B00B5FA41 /* Sources */,
				48D8E5F829C8702B00B5FA41 /* Frameworks */,
				48D8E5F929C8702B00B5FA41 /* Resources */,
			);
			buildRules = (
			);
			dependencies = (
			);
			name = Spotify;
			productName = Spotify;
			productReference = 48D8E5FB29C8702B00B5FA41 /* Spotify.app */;
			productType = "com.apple.product-type.application";
		};
/* End PBXNativeTarget section */

/* Begin PBXProject section */
		48D8E5F329C8702B00B5FA41 /* Project object */ = {
			isa = PBXProject;
			attributes = {
				BuildIndependentTargetsInParallel = 1;
				LastSwiftUpdateCheck = 1420;
				LastUpgradeCheck = 1420;
				TargetAttributes = {
					48D8E5FA29C8702B00B5FA41 = {
						CreatedOnToolsVersion = 14.2;
					};
				};
			};
			buildConfigurationList = 48D8E5F629C8702B00B5FA41 /* Build configuration list for PBXProject "Spotify" */;
			compatibilityVersion = "Xcode 14.0";
			developmentRegion = en;
			hasScannedForEncodings = 0;
			knownRegions = (
				en,
				Base,
			);
			mainGroup = 48D8E5F229C8702B00B5FA41;
			productRefGroup = 48D8E5FC29C8702B00B5FA41 /* Products */;
			projectDirPath = "";
			projectRoot = "";
			targets = (
				48D8E5FA29C8702B00B5FA41 /* Spotify */,
			);
		};
/* End PBXProject section */

/* Begin PBXResourcesBuildPhase section */
		48D8E5F929C8702B00B5FA41 /* Resources */ = {
			isa = PBXResourcesBuildPhase;
			buildActionMask = 2147483647;
			files = (
				48D8E60B29C8702C00B5FA41 /* LaunchScreen.storyboard in Resources */,
				48D8E60829C8702C00B5FA41 /* Assets.xcassets in Resources */,
			);
			runOnlyForDeploymentPostprocessing = 0;
		};
/* End PBXResourcesBuildPhase section */

/* Begin PBXSourcesBuildPhase section */
		48D8E5F729C8702B00B5FA41 /* Sources */ = {
			isa = PBXSourcesBuildPhase;
			buildActionMask = 2147483647;
			files = (
				48D8E61B29C8AD7500B5FA41 /* SearchViewController.swift in Sources */,
				48D8E63529C8AE3D00B5FA41 /* Playlist.swift in Sources */,
				48D8E62F29C8AE1600B5FA41 /* AuthManager.swift in Sources */,
				48D8E62D29C8AE0400B5FA41 /* SearchResultsViewController.swift in Sources */,
				48D8E62329C8ADC300B5FA41 /* WelcomeViewController.swift in Sources */,
				48D8E63129C8AE2000B5FA41 /* ApiCaller.swift in Sources */,
				48D8E62729C8ADD800B5FA41 /* ProfileViewController.swift in Sources */,
				48D8E63329C8AE2E00B5FA41 /* HapticsManager.swift in Sources */,
				48D8E63729C8AE4800B5FA41 /* AudioTrack.swift in Sources */,
				48D8E61929C8AD5200B5FA41 /* TabBarViewController.swift in Sources */,
				48D8E60329C8702B00B5FA41 /* HomeViewController.swift in Sources */,
				48D8E62129C8ADB800B5FA41 /* AuthViewController.swift in Sources */,
				48D8E63B29C8AE5C00B5FA41 /* UserProfile.swift in Sources */,
				48D8E5FF29C8702B00B5FA41 /* AppDelegate.swift in Sources */,
				48D8E63929C8AE5400B5FA41 /* Artist.swift in Sources */,
				48D8E61D29C8AD8100B5FA41 /* LibraryViewController.swift in Sources */,
				48D8E62B29C8ADEB00B5FA41 /* PlaylistViewController.swift in Sources */,
				48D8E60129C8702B00B5FA41 /* SceneDelegate.swift in Sources */,
				48D8E62929C8ADE100B5FA41 /* PlayerViewController.swift in Sources */,
				48D8E62529C8ADD000B5FA41 /* SettingsViewController.swift in Sources */,
			);
			runOnlyForDeploymentPostprocessing = 0;
		};
/* End PBXSourcesBuildPhase section */

/* Begin PBXVariantGroup section */
		48D8E60929C8702C00B5FA41 /* LaunchScreen.storyboard */ = {
			isa = PBXVariantGroup;
			children = (
				48D8E60A29C8702C00B5FA41 /* Base */,
			);
			name = LaunchScreen.storyboard;
			sourceTree = "<group>";
		};
/* End PBXVariantGroup section */

/* Begin XCBuildConfiguration section */
		48D8E60D29C8702C00B5FA41 /* Debug */ = {
			isa = XCBuildConfiguration;
			buildSettings = {
				ALWAYS_SEARCH_USER_PATHS = NO;
				CLANG_ANALYZER_NONNULL = YES;
				CLANG_ANALYZER_NUMBER_OBJECT_CONVERSION = YES_AGGRESSIVE;
				CLANG_CXX_LANGUAGE_STANDARD = "gnu++20";
				CLANG_ENABLE_MODULES = YES;
				CLANG_ENABLE_OBJC_ARC = YES;
				CLANG_ENABLE_OBJC_WEAK = YES;
				CLANG_WARN_BLOCK_CAPTURE_AUTORELEASING = YES;
				CLANG_WARN_BOOL_CONVERSION = YES;
				CLANG_WARN_COMMA = YES;
				CLANG_WARN_CONSTANT_CONVERSION = YES;
				CLANG_WARN_DEPRECATED_OBJC_IMPLEMENTATIONS = YES;
				CLANG_WARN_DIRECT_OBJC_ISA_USAGE = YES_ERROR;
				CLANG_WARN_DOCUMENTATION_COMMENTS = YES;
				CLANG_WARN_EMPTY_BODY = YES;
				CLANG_WARN_ENUM_CONVERSION = YES;
				CLANG_WARN_INFINITE_RECURSION = YES;
				CLANG_WARN_INT_CONVERSION = YES;
				CLANG_WARN_NON_LITERAL_NULL_CONVERSION = YES;
				CLANG_WARN_OBJC_IMPLICIT_RETAIN_SELF = YES;
				CLANG_WARN_OBJC_LITERAL_CONVERSION = YES;
				CLANG_WARN_OBJC_ROOT_CLASS = YES_ERROR;
				CLANG_WARN_QUOTED_INCLUDE_IN_FRAMEWORK_HEADER = YES;
				CLANG_WARN_RANGE_LOOP_ANALYSIS = YES;
				CLANG_WARN_STRICT_PROTOTYPES = YES;
				CLANG_WARN_SUSPICIOUS_MOVE = YES;
				CLANG_WARN_UNGUARDED_AVAILABILITY = YES_AGGRESSIVE;
				CLANG_WARN_UNREACHABLE_CODE = YES;
				CLANG_WARN__DUPLICATE_METHOD_MATCH = YES;
				COPY_PHASE_STRIP = NO;
				DEBUG_INFORMATION_FORMAT = dwarf;
				ENABLE_STRICT_OBJC_MSGSEND = YES;
				ENABLE_TESTABILITY = YES;
				GCC_C_LANGUAGE_STANDARD = gnu11;
				GCC_DYNAMIC_NO_PIC = NO;
				GCC_NO_COMMON_BLOCKS = YES;
				GCC_OPTIMIZATION_LEVEL = 0;
				GCC_PREPROCESSOR_DEFINITIONS = (
					"DEBUG=1",
					"$(inherited)",
				);
				GCC_WARN_64_TO_32_BIT_CONVERSION = YES;
				GCC_WARN_ABOUT_RETURN_TYPE = YES_ERROR;
				GCC_WARN_UNDECLARED_SELECTOR = YES;
				GCC_WARN_UNINITIALIZED_AUTOS = YES_AGGRESSIVE;
				GCC_WARN_UNUSED_FUNCTION = YES;
				GCC_WARN_UNUSED_VARIABLE = YES;
				IPHONEOS_DEPLOYMENT_TARGET = 16.2;
				MTL_ENABLE_DEBUG_INFO = INCLUDE_SOURCE;
				MTL_FAST_MATH = YES;
				ONLY_ACTIVE_ARCH = YES;
				SDKROOT = iphoneos;
				SWIFT_ACTIVE_COMPILATION_CONDITIONS = DEBUG;
				SWIFT_OPTIMIZATION_LEVEL = "-Onone";
			};
			name = Debug;
		};
		48D8E60E29C8702C00B5FA41 /* Release */ = {
			isa = XCBuildConfiguration;
			buildSettings = {
				ALWAYS_SEARCH_USER_PATHS = NO;
				CLANG_ANALYZER_NONNULL = YES;
				CLANG_ANALYZER_NUMBER_OBJECT_CONVERSION = YES_AGGRESSIVE;
				CLANG_CXX_LANGUAGE_STANDARD = "gnu++20";
				CLANG_ENABLE_MODULES = YES;
				CLANG_ENABLE_OBJC_ARC = YES;
				CLANG_ENABLE_OBJC_WEAK = YES;
				CLANG_WARN_BLOCK_CAPTURE_AUTORELEASING = YES;
				CLANG_WARN_BOOL_CONVERSION = YES;
				CLANG_WARN_COMMA = YES;
				CLANG_WARN_CONSTANT_CONVERSION = YES;
				CLANG_WARN_DEPRECATED_OBJC_IMPLEMENTATIONS = YES;
				CLANG_WARN_DIRECT_OBJC_ISA_USAGE = YES_ERROR;
				CLANG_WARN_DOCUMENTATION_COMMENTS = YES;
				CLANG_WARN_EMPTY_BODY = YES;
				CLANG_WARN_ENUM_CONVERSION = YES;
				CLANG_WARN_INFINITE_RECURSION = YES;
				CLANG_WARN_INT_CONVERSION = YES;
				CLANG_WARN_NON_LITERAL_NULL_CONVERSION = YES;
				CLANG_WARN_OBJC_IMPLICIT_RETAIN_SELF = YES;
				CLANG_WARN_OBJC_LITERAL_CONVERSION = YES;
				CLANG_WARN_OBJC_ROOT_CLASS = YES_ERROR;
				CLANG_WARN_QUOTED_INCLUDE_IN_FRAMEWORK_HEADER = YES;
				CLANG_WARN_RANGE_LOOP_ANALYSIS = YES;
				CLANG_WARN_STRICT_PROTOTYPES = YES;
				CLANG_WARN_SUSPICIOUS_MOVE = YES;
				CLANG_WARN_UNGUARDED_AVAILABILITY = YES_AGGRESSIVE;
				CLANG_WARN_UNREACHABLE_CODE = YES;
				CLANG_WARN__DUPLICATE_METHOD_MATCH = YES;
				COPY_PHASE_STRIP = NO;
				DEBUG_INFORMATION_FORMAT = "dwarf-with-dsym";
				ENABLE_NS_ASSERTIONS = NO;
				ENABLE_STRICT_OBJC_MSGSEND = YES;
				GCC_C_LANGUAGE_STANDARD = gnu11;
				GCC_NO_COMMON_BLOCKS = YES;
				GCC_WARN_64_TO_32_BIT_CONVERSION = YES;
				GCC_WARN_ABOUT_RETURN_TYPE = YES_ERROR;
				GCC_WARN_UNDECLARED_SELECTOR = YES;
				GCC_WARN_UNINITIALIZED_AUTOS = YES_AGGRESSIVE;
				GCC_WARN_UNUSED_FUNCTION = YES;
				GCC_WARN_UNUSED_VARIABLE = YES;
				IPHONEOS_DEPLOYMENT_TARGET = 16.2;
				MTL_ENABLE_DEBUG_INFO = NO;
				MTL_FAST_MATH = YES;
				SDKROOT = iphoneos;
				SWIFT_COMPILATION_MODE = wholemodule;
				SWIFT_OPTIMIZATION_LEVEL = "-O";
				VALIDATE_PRODUCT = YES;
			};
			name = Release;
		};
		48D8E61029C8702C00B5FA41 /* Debug */ = {
			isa = XCBuildConfiguration;
			buildSettings = {
				ASSETCATALOG_COMPILER_APPICON_NAME = AppIcon;
				ASSETCATALOG_COMPILER_GLOBAL_ACCENT_COLOR_NAME = AccentColor;
				CODE_SIGN_STYLE = Automatic;
				CURRENT_PROJECT_VERSION = 1;
				GENERATE_INFOPLIST_FILE = YES;
				INFOPLIST_FILE = Spotify/Info.plist;
				INFOPLIST_KEY_UIApplicationSupportsIndirectInputEvents = YES;
				INFOPLIST_KEY_UILaunchStoryboardName = LaunchScreen.storyboard;
				INFOPLIST_KEY_UISupportedInterfaceOrientations_iPad = "UIInterfaceOrientationPortrait UIInterfaceOrientationPortraitUpsideDown UIInterfaceOrientationLandscapeLeft UIInterfaceOrientationLandscapeRight";
				INFOPLIST_KEY_UISupportedInterfaceOrientations_iPhone = "UIInterfaceOrientationPortrait UIInterfaceOrientationLandscapeLeft UIInterfaceOrientationLandscapeRight";
				IPHONEOS_DEPLOYMENT_TARGET = 14.0;
				LD_RUNPATH_SEARCH_PATHS = (
					"$(inherited)",
					"@executable_path/Frameworks",
				);
				MARKETING_VERSION = 1.0;
				PRODUCT_BUNDLE_IDENTIFIER = xyz.javlonbek.Spotify;
				PRODUCT_NAME = "$(TARGET_NAME)";
				SWIFT_EMIT_LOC_STRINGS = YES;
				SWIFT_VERSION = 5.0;
				TARGETED_DEVICE_FAMILY = "1,2";
			};
			name = Debug;
		};
		48D8E61129C8702C00B5FA41 /* Release */ = {
			isa = XCBuildConfiguration;
			buildSettings = {
				ASSETCATALOG_COMPILER_APPICON_NAME = AppIcon;
				ASSETCATALOG_COMPILER_GLOBAL_ACCENT_COLOR_NAME = AccentColor;
				CODE_SIGN_STYLE = Automatic;
				CURRENT_PROJECT_VERSION = 1;
				GENERATE_INFOPLIST_FILE = YES;
				INFOPLIST_FILE = Spotify/Info.plist;
				INFOPLIST_KEY_UIApplicationSupportsIndirectInputEvents = YES;
				INFOPLIST_KEY_UILaunchStoryboardName = LaunchScreen.storyboard;
				INFOPLIST_KEY_UISupportedInterfaceOrientations_iPad = "UIInterfaceOrientationPortrait UIInterfaceOrientationPortraitUpsideDown UIInterfaceOrientationLandscapeLeft UIInterfaceOrientationLandscapeRight";
				INFOPLIST_KEY_UISupportedInterfaceOrientations_iPhone = "UIInterfaceOrientationPortrait UIInterfaceOrientationLandscapeLeft UIInterfaceOrientationLandscapeRight";
				IPHONEOS_DEPLOYMENT_TARGET = 14.0;
				LD_RUNPATH_SEARCH_PATHS = (
					"$(inherited)",
					"@executable_path/Frameworks",
				);
				MARKETING_VERSION = 1.0;
				PRODUCT_BUNDLE_IDENTIFIER = xyz.javlonbek.Spotify;
				PRODUCT_NAME = "$(TARGET_NAME)";
				SWIFT_EMIT_LOC_STRINGS = YES;
				SWIFT_VERSION = 5.0;
				TARGETED_DEVICE_FAMILY = "1,2";
			};
			name = Release;
		};
/* End XCBuildConfiguration section */

/* Begin XCConfigurationList section */
		48D8E5F629C8702B00B5FA41 /* Build configuration list for PBXProject "Spotify" */ = {
			isa = XCConfigurationList;
			buildConfigurations = (
				48D8E60D29C8702C00B5FA41 /* Debug */,
				48D8E60E29C8702C00B5FA41 /* Release */,
			);
			defaultConfigurationIsVisible = 0;
			defaultConfigurationName = Release;
		};
		48D8E60F29C8702C00B5FA41 /* Build configuration list for PBXNativeTarget "Spotify" */ = {
			isa = XCConfigurationList;
			buildConfigurations = (
				48D8E61029C8702C00B5FA41 /* Debug */,
				48D8E61129C8702C00B5FA41 /* Release */,
			);
			defaultConfigurationIsVisible = 0;
			defaultConfigurationName = Release;
		};
/* End XCConfigurationList section */
	};
	rootObject = 48D8E5F329C8702B00B5FA41 /* Project object */;
}
